
Microsoft Visual Studio Solution File, Format Version 12.00
# Visual Studio 2012
Project("{FAE04EC0-301F-11D3-BF4B-00C04F79EFBC}") = "DemoApplication", "DemoApplication\DemoApplication.csproj", "{25C66F66-8EF8-4673-830E-9223E7B5C18C}"
EndProject
Project("{FAE04EC0-301F-11D3-BF4B-00C04F79EFBC}") = "DemoApplication.Tests", "DemoApplication.Tests\DemoApplication.Tests.csproj", "{30D685D9-2BE8-4A7B-A4B2-884D1A1F6B87}"
EndProject
Global
	GlobalSection(SolutionConfigurationPlatforms) = preSolution
		Debug|Any CPU = Debug|Any CPU
		Release|Any CPU = Release|Any CPU
	EndGlobalSection
	GlobalSection(ProjectConfigurationPlatforms) = postSolution
		{25C66F66-8EF8-4673-830E-9223E7B5C18C}.Debug|Any CPU.ActiveCfg = Debug|Any CPU
		{25C66F66-8EF8-4673-830E-9223E7B5C18C}.Debug|Any CPU.Build.0 = Debug|Any CPU
		{25C66F66-8EF8-4673-830E-9223E7B5C18C}.Release|Any CPU.ActiveCfg = Release|Any CPU
		{25C66F66-8EF8-4673-830E-9223E7B5C18C}.Release|Any CPU.Build.0 = Release|Any CPU
		{30D685D9-2BE8-4A7B-A4B2-884D1A1F6B87}.Debug|Any CPU.ActiveCfg = Debug|Any CPU
		{30D685D9-2BE8-4A7B-A4B2-884D1A1F6B87}.Debug|Any CPU.Build.0 = Debug|Any CPU
		{30D685D9-2BE8-4A7B-A4B2-884D1A1F6B87}.Release|Any CPU.ActiveCfg = Release|Any CPU
		{30D685D9-2BE8-4A7B-A4B2-884D1A1F6B87}.Release|Any CPU.Build.0 = Release|Any CPU
	EndGlobalSection
	GlobalSection(SolutionProperties) = preSolution
		HideSolutionNode = FALSE
	EndGlobalSection
EndGlobal
